// !$*UTF8*$!
{
	archiveVersion = 1;
	classes = {
	};
	objectVersion = 50;
	objects = {

/* Begin PBXBuildFile section */
		DF7ABD2A21C58C4300889504 /* AppDelegate.swift in Sources */ = {isa = PBXBuildFile; fileRef = DF7ABD2921C58C4300889504 /* AppDelegate.swift */; };
		DF7ABD2C21C58C4300889504 /* ViewController.swift in Sources */ = {isa = PBXBuildFile; fileRef = DF7ABD2B21C58C4300889504 /* ViewController.swift */; };
		DF7ABD2F21C58C4300889504 /* Main.storyboard in Resources */ = {isa = PBXBuildFile; fileRef = DF7ABD2D21C58C4300889504 /* Main.storyboard */; };
		DF7ABD3121C58C4500889504 /* Assets.xcassets in Resources */ = {isa = PBXBuildFile; fileRef = DF7ABD3021C58C4500889504 /* Assets.xcassets */; };
		DF7ABD3421C58C4500889504 /* LaunchScreen.storyboard in Resources */ = {isa = PBXBuildFile; fileRef = DF7ABD3221C58C4500889504 /* LaunchScreen.storyboard */; };
		DF7ABD3C21C58EB700889504 /* Game.swift in Sources */ = {isa = PBXBuildFile; fileRef = DF7ABD3B21C58EB700889504 /* Game.swift */; };
		DF7ABD3E21C58F6400889504 /* GameFragmentLayout.swift in Sources */ = {isa = PBXBuildFile; fileRef = DF7ABD3D21C58F6400889504 /* GameFragmentLayout.swift */; };
		DF7ABD4021C5904700889504 /* CustomCellProtocol.swift in Sources */ = {isa = PBXBuildFile; fileRef = DF7ABD3F21C5904700889504 /* CustomCellProtocol.swift */; };
		DF7ABD4221C5930700889504 /* GameImageFragment.swift in Sources */ = {isa = PBXBuildFile; fileRef = DF7ABD4121C5930700889504 /* GameImageFragment.swift */; };
		DF7ABD4521C5932000889504 /* GameReleaseDateFragment.swift in Sources */ = {isa = PBXBuildFile; fileRef = DF7ABD4421C5932000889504 /* GameReleaseDateFragment.swift */; };
		DF7ABD4721C5933D00889504 /* GamePlatformListFragment.swift in Sources */ = {isa = PBXBuildFile; fileRef = DF7ABD4621C5933D00889504 /* GamePlatformListFragment.swift */; };
		DF7ABD4921C5934C00889504 /* GameTitleFragment.swift in Sources */ = {isa = PBXBuildFile; fileRef = DF7ABD4821C5934C00889504 /* GameTitleFragment.swift */; };
		DF7ABD4B21C596B200889504 /* GameConfigurable.swift in Sources */ = {isa = PBXBuildFile; fileRef = DF7ABD4A21C596B200889504 /* GameConfigurable.swift */; };
		DF7ABD4D21C597E200889504 /* GameImageFragment.xib in Resources */ = {isa = PBXBuildFile; fileRef = DF7ABD4C21C597E200889504 /* GameImageFragment.xib */; };
		DF7ABD5321C59A7500889504 /* GameTitleFragment.xib in Resources */ = {isa = PBXBuildFile; fileRef = DF7ABD5221C59A7500889504 /* GameTitleFragment.xib */; };
		DF7ABD5521C59C2900889504 /* GameReleaseDateFragment.xib in Resources */ = {isa = PBXBuildFile; fileRef = DF7ABD5421C59C2900889504 /* GameReleaseDateFragment.xib */; };
		DF7ABD5721C59EE400889504 /* GamePlatformListFragment.xib in Resources */ = {isa = PBXBuildFile; fileRef = DF7ABD5621C59EE400889504 /* GamePlatformListFragment.xib */; };
/* End PBXBuildFile section */

/* Begin PBXFileReference section */
		DF7ABD2621C58C4300889504 /* FragmenTable.app */ = {isa = PBXFileReference; explicitFileType = wrapper.application; includeInIndex = 0; path = FragmenTable.app; sourceTree = BUILT_PRODUCTS_DIR; };
		DF7ABD2921C58C4300889504 /* AppDelegate.swift */ = {isa = PBXFileReference; lastKnownFileType = sourcecode.swift; path = AppDelegate.swift; sourceTree = "<group>"; };
		DF7ABD2B21C58C4300889504 /* ViewController.swift */ = {isa = PBXFileReference; lastKnownFileType = sourcecode.swift; path = ViewController.swift; sourceTree = "<group>"; };
		DF7ABD2E21C58C4300889504 /* Base */ = {isa = PBXFileReference; lastKnownFileType = file.storyboard; name = Base; path = Base.lproj/Main.storyboard; sourceTree = "<group>"; };
		DF7ABD3021C58C4500889504 /* Assets.xcassets */ = {isa = PBXFileReference; lastKnownFileType = folder.assetcatalog; path = Assets.xcassets; sourceTree = "<group>"; };
		DF7ABD3321C58C4500889504 /* Base */ = {isa = PBXFileReference; lastKnownFileType = file.storyboard; name = Base; path = Base.lproj/LaunchScreen.storyboard; sourceTree = "<group>"; };
		DF7ABD3521C58C4500889504 /* Info.plist */ = {isa = PBXFileReference; lastKnownFileType = text.plist.xml; path = Info.plist; sourceTree = "<group>"; };
		DF7ABD3B21C58EB700889504 /* Game.swift */ = {isa = PBXFileReference; lastKnownFileType = sourcecode.swift; path = Game.swift; sourceTree = "<group>"; };
		DF7ABD3D21C58F6400889504 /* GameFragmentLayout.swift */ = {isa = PBXFileReference; lastKnownFileType = sourcecode.swift; path = GameFragmentLayout.swift; sourceTree = "<group>"; };
		DF7ABD3F21C5904700889504 /* CustomCellProtocol.swift */ = {isa = PBXFileReference; lastKnownFileType = sourcecode.swift; path = CustomCellProtocol.swift; sourceTree = "<group>"; };
		DF7ABD4121C5930700889504 /* GameImageFragment.swift */ = {isa = PBXFileReference; lastKnownFileType = sourcecode.swift; path = GameImageFragment.swift; sourceTree = "<group>"; };
		DF7ABD4421C5932000889504 /* GameReleaseDateFragment.swift */ = {isa = PBXFileReference; lastKnownFileType = sourcecode.swift; path = GameReleaseDateFragment.swift; sourceTree = "<group>"; };
		DF7ABD4621C5933D00889504 /* GamePlatformListFragment.swift */ = {isa = PBXFileReference; lastKnownFileType = sourcecode.swift; path = GamePlatformListFragment.swift; sourceTree = "<group>"; };
		DF7ABD4821C5934C00889504 /* GameTitleFragment.swift */ = {isa = PBXFileReference; lastKnownFileType = sourcecode.swift; path = GameTitleFragment.swift; sourceTree = "<group>"; };
		DF7ABD4A21C596B200889504 /* GameConfigurable.swift */ = {isa = PBXFileReference; lastKnownFileType = sourcecode.swift; path = GameConfigurable.swift; sourceTree = "<group>"; };
		DF7ABD4C21C597E200889504 /* GameImageFragment.xib */ = {isa = PBXFileReference; lastKnownFileType = file.xib; path = GameImageFragment.xib; sourceTree = "<group>"; };
		DF7ABD5221C59A7500889504 /* GameTitleFragment.xib */ = {isa = PBXFileReference; lastKnownFileType = file.xib; path = GameTitleFragment.xib; sourceTree = "<group>"; };
		DF7ABD5421C59C2900889504 /* GameReleaseDateFragment.xib */ = {isa = PBXFileReference; lastKnownFileType = file.xib; path = GameReleaseDateFragment.xib; sourceTree = "<group>"; };
		DF7ABD5621C59EE400889504 /* GamePlatformListFragment.xib */ = {isa = PBXFileReference; lastKnownFileType = file.xib; path = GamePlatformListFragment.xib; sourceTree = "<group>"; };
/* End PBXFileReference section */

/* Begin PBXFrameworksBuildPhase section */
		DF7ABD2321C58C4300889504 /* Frameworks */ = {
			isa = PBXFrameworksBuildPhase;
			buildActionMask = 2147483647;
			files = (
			);
			runOnlyForDeploymentPostprocessing = 0;
		};
/* End PBXFrameworksBuildPhase section */

/* Begin PBXGroup section */
		DF7ABD1D21C58C4300889504 = {
			isa = PBXGroup;
			children = (
				DF7ABD2821C58C4300889504 /* FragmenTable */,
				DF7ABD2721C58C4300889504 /* Products */,
			);
			sourceTree = "<group>";
		};
		DF7ABD2721C58C4300889504 /* Products */ = {
			isa = PBXGroup;
			children = (
				DF7ABD2621C58C4300889504 /* FragmenTable.app */,
			);
			name = Products;
			sourceTree = "<group>";
		};
		DF7ABD2821C58C4300889504 /* FragmenTable */ = {
			isa = PBXGroup;
			children = (
				DF7ABD2921C58C4300889504 /* AppDelegate.swift */,
				DF7ABD2B21C58C4300889504 /* ViewController.swift */,
				DF7ABD4A21C596B200889504 /* GameConfigurable.swift */,
				DF7ABD3F21C5904700889504 /* CustomCellProtocol.swift */,
				DF7ABD3B21C58EB700889504 /* Game.swift */,
				DF7ABD3D21C58F6400889504 /* GameFragmentLayout.swift */,
				DF7ABD4321C5930F00889504 /* Cells */,
				DF7ABD2D21C58C4300889504 /* Main.storyboard */,
				DF7ABD3021C58C4500889504 /* Assets.xcassets */,
				DF7ABD3221C58C4500889504 /* LaunchScreen.storyboard */,
				DF7ABD3521C58C4500889504 /* Info.plist */,
			);
			path = FragmenTable;
			sourceTree = "<group>";
		};
		DF7ABD4321C5930F00889504 /* Cells */ = {
			isa = PBXGroup;
			children = (
				DF7ABD4E21C5995700889504 /* Image */,
				DF7ABD5121C5998000889504 /* Title */,
				DF7ABD4F21C5996300889504 /* Release Date */,
				DF7ABD5021C5996B00889504 /* Platforms */,
			);
			path = Cells;
			sourceTree = "<group>";
		};
		DF7ABD4E21C5995700889504 /* Image */ = {
			isa = PBXGroup;
			children = (
				DF7ABD4121C5930700889504 /* GameImageFragment.swift */,
				DF7ABD4C21C597E200889504 /* GameImageFragment.xib */,
			);
			path = Image;
			sourceTree = "<group>";
		};
		DF7ABD4F21C5996300889504 /* Release Date */ = {
			isa = PBXGroup;
			children = (
				DF7ABD4421C5932000889504 /* GameReleaseDateFragment.swift */,
				DF7ABD5421C59C2900889504 /* GameReleaseDateFragment.xib */,
			);
			path = "Release Date";
			sourceTree = "<group>";
		};
		DF7ABD5021C5996B00889504 /* Platforms */ = {
			isa = PBXGroup;
			children = (
				DF7ABD4621C5933D00889504 /* GamePlatformListFragment.swift */,
				DF7ABD5621C59EE400889504 /* GamePlatformListFragment.xib */,
			);
			path = Platforms;
			sourceTree = "<group>";
		};
		DF7ABD5121C5998000889504 /* Title */ = {
			isa = PBXGroup;
			children = (
				DF7ABD4821C5934C00889504 /* GameTitleFragment.swift */,
				DF7ABD5221C59A7500889504 /* GameTitleFragment.xib */,
			);
			path = Title;
			sourceTree = "<group>";
		};
/* End PBXGroup section */

/* Begin PBXNativeTarget section */
		DF7ABD2521C58C4300889504 /* FragmenTable */ = {
			isa = PBXNativeTarget;
			buildConfigurationList = DF7ABD3821C58C4500889504 /* Build configuration list for PBXNativeTarget "FragmenTable" */;
			buildPhases = (
				DF7ABD2221C58C4300889504 /* Sources */,
				DF7ABD2321C58C4300889504 /* Frameworks */,
				DF7ABD2421C58C4300889504 /* Resources */,
			);
			buildRules = (
			);
			dependencies = (
			);
			name = FragmenTable;
			productName = FragmenTable;
			productReference = DF7ABD2621C58C4300889504 /* FragmenTable.app */;
			productType = "com.apple.product-type.application";
		};
/* End PBXNativeTarget section */

/* Begin PBXProject section */
		DF7ABD1E21C58C4300889504 /* Project object */ = {
			isa = PBXProject;
			attributes = {
				LastSwiftUpdateCheck = 1000;
				LastUpgradeCheck = 1000;
				ORGANIZATIONNAME = "John Yorke";
				TargetAttributes = {
					DF7ABD2521C58C4300889504 = {
						CreatedOnToolsVersion = 10.0;
					};
				};
			};
			buildConfigurationList = DF7ABD2121C58C4300889504 /* Build configuration list for PBXProject "FragmenTable" */;
			compatibilityVersion = "Xcode 9.3";
			developmentRegion = en;
			hasScannedForEncodings = 0;
			knownRegions = (
				en,
				Base,
			);
			mainGroup = DF7ABD1D21C58C4300889504;
			productRefGroup = DF7ABD2721C58C4300889504 /* Products */;
			projectDirPath = "";
			projectRoot = "";
			targets = (
				DF7ABD2521C58C4300889504 /* FragmenTable */,
			);
		};
/* End PBXProject section */

/* Begin PBXResourcesBuildPhase section */
		DF7ABD2421C58C4300889504 /* Resources */ = {
			isa = PBXResourcesBuildPhase;
			buildActionMask = 2147483647;
			files = (
				DF7ABD3421C58C4500889504 /* LaunchScreen.storyboard in Resources */,
				DF7ABD5521C59C2900889504 /* GameReleaseDateFragment.xib in Resources */,
				DF7ABD3121C58C4500889504 /* Assets.xcassets in Resources */,
				DF7ABD5721C59EE400889504 /* GamePlatformListFragment.xib in Resources */,
				DF7ABD5321C59A7500889504 /* GameTitleFragment.xib in Resources */,
				DF7ABD2F21C58C4300889504 /* Main.storyboard in Resources */,
				DF7ABD4D21C597E200889504 /* GameImageFragment.xib in Resources */,
			);
			runOnlyForDeploymentPostprocessing = 0;
		};
/* End PBXResourcesBuildPhase section */

/* Begin PBXSourcesBuildPhase section */
		DF7ABD2221C58C4300889504 /* Sources */ = {
			isa = PBXSourcesBuildPhase;
			buildActionMask = 2147483647;
			files = (
				DF7ABD4721C5933D00889504 /* GamePlatformListFragment.swift in Sources */,
				DF7ABD2C21C58C4300889504 /* ViewController.swift in Sources */,
				DF7ABD3C21C58EB700889504 /* Game.swift in Sources */,
				DF7ABD4521C5932000889504 /* GameReleaseDateFragment.swift in Sources */,
				DF7ABD4921C5934C00889504 /* GameTitleFragment.swift in Sources */,
				DF7ABD2A21C58C4300889504 /* AppDelegate.swift in Sources */,
				DF7ABD3E21C58F6400889504 /* GameFragmentLayout.swift in Sources */,
				DF7ABD4021C5904700889504 /* CustomCellProtocol.swift in Sources */,
				DF7ABD4B21C596B200889504 /* GameConfigurable.swift in Sources */,
				DF7ABD4221C5930700889504 /* GameImageFragment.swift in Sources */,
			);
			runOnlyForDeploymentPostprocessing = 0;
		};
/* End PBXSourcesBuildPhase section */

/* Begin PBXVariantGroup section */
		DF7ABD2D21C58C4300889504 /* Main.storyboard */ = {
			isa = PBXVariantGroup;
			children = (
				DF7ABD2E21C58C4300889504 /* Base */,
			);
			name = Main.storyboard;
			sourceTree = "<group>";
		};
		DF7ABD3221C58C4500889504 /* LaunchScreen.storyboard */ = {
			isa = PBXVariantGroup;
			children = (
				DF7ABD3321C58C4500889504 /* Base */,
			);
			name = LaunchScreen.storyboard;
			sourceTree = "<group>";
		};
/* End PBXVariantGroup section */

/* Begin XCBuildConfiguration section */
		DF7ABD3621C58C4500889504 /* Debug */ = {
			isa = XCBuildConfiguration;
			buildSettings = {
				ALWAYS_SEARCH_USER_PATHS = NO;
				CLANG_ANALYZER_NONNULL = YES;
				CLANG_ANALYZER_NUMBER_OBJECT_CONVERSION = YES_AGGRESSIVE;
				CLANG_CXX_LANGUAGE_STANDARD = "gnu++14";
				CLANG_CXX_LIBRARY = "libc++";
				CLANG_ENABLE_MODULES = YES;
				CLANG_ENABLE_OBJC_ARC = YES;
				CLANG_ENABLE_OBJC_WEAK = YES;
				CLANG_WARN_BLOCK_CAPTURE_AUTORELEASING = YES;
				CLANG_WARN_BOOL_CONVERSION = YES;
				CLANG_WARN_COMMA = YES;
				CLANG_WARN_CONSTANT_CONVERSION = YES;
				CLANG_WARN_DEPRECATED_OBJC_IMPLEMENTATIONS = YES;
				CLANG_WARN_DIRECT_OBJC_ISA_USAGE = YES_ERROR;
				CLANG_WARN_DOCUMENTATION_COMMENTS = YES;
				CLANG_WARN_EMPTY_BODY = YES;
				CLANG_WARN_ENUM_CONVERSION = YES;
				CLANG_WARN_INFINITE_RECURSION = YES;
				CLANG_WARN_INT_CONVERSION = YES;
				CLANG_WARN_NON_LITERAL_NULL_CONVERSION = YES;
				CLANG_WARN_OBJC_IMPLICIT_RETAIN_SELF = YES;
				CLANG_WARN_OBJC_LITERAL_CONVERSION = YES;
				CLANG_WARN_OBJC_ROOT_CLASS = YES_ERROR;
				CLANG_WARN_RANGE_LOOP_ANALYSIS = YES;
				CLANG_WARN_STRICT_PROTOTYPES = YES;
				CLANG_WARN_SUSPICIOUS_MOVE = YES;
				CLANG_WARN_UNGUARDED_AVAILABILITY = YES_AGGRESSIVE;
				CLANG_WARN_UNREACHABLE_CODE = YES;
				CLANG_WARN__DUPLICATE_METHOD_MATCH = YES;
				CODE_SIGN_IDENTITY = "iPhone Developer";
				COPY_PHASE_STRIP = NO;
				DEBUG_INFORMATION_FORMAT = dwarf;
				ENABLE_STRICT_OBJC_MSGSEND = YES;
				ENABLE_TESTABILITY = YES;
				GCC_C_LANGUAGE_STANDARD = gnu11;
				GCC_DYNAMIC_NO_PIC = NO;
				GCC_NO_COMMON_BLOCKS = YES;
				GCC_OPTIMIZATION_LEVEL = 0;
				GCC_PREPROCESSOR_DEFINITIONS = (
					"DEBUG=1",
					"$(inherited)",
				);
				GCC_WARN_64_TO_32_BIT_CONVERSION = YES;
				GCC_WARN_ABOUT_RETURN_TYPE = YES_ERROR;
				GCC_WARN_UNDECLARED_SELECTOR = YES;
				GCC_WARN_UNINITIALIZED_AUTOS = YES_AGGRESSIVE;
				GCC_WARN_UNUSED_FUNCTION = YES;
				GCC_WARN_UNUSED_VARIABLE = YES;
				IPHONEOS_DEPLOYMENT_TARGET = 12.0;
				MTL_ENABLE_DEBUG_INFO = INCLUDE_SOURCE;
				MTL_FAST_MATH = YES;
				ONLY_ACTIVE_ARCH = YES;
				SDKROOT = iphoneos;
				SWIFT_ACTIVE_COMPILATION_CONDITIONS = DEBUG;
				SWIFT_OPTIMIZATION_LEVEL = "-Onone";
			};
			name = Debug;
		};
		DF7ABD3721C58C4500889504 /* Release */ = {
			isa = XCBuildConfiguration;
			buildSettings = {
				ALWAYS_SEARCH_USER_PATHS = NO;
				CLANG_ANALYZER_NONNULL = YES;
				CLANG_ANALYZER_NUMBER_OBJECT_CONVERSION = YES_AGGRESSIVE;
				CLANG_CXX_LANGUAGE_STANDARD = "gnu++14";
				CLANG_CXX_LIBRARY = "libc++";
				CLANG_ENABLE_MODULES = YES;
				CLANG_ENABLE_OBJC_ARC = YES;
				CLANG_ENABLE_OBJC_WEAK = YES;
				CLANG_WARN_BLOCK_CAPTURE_AUTORELEASING = YES;
				CLANG_WARN_BOOL_CONVERSION = YES;
				CLANG_WARN_COMMA = YES;
				CLANG_WARN_CONSTANT_CONVERSION = YES;
				CLANG_WARN_DEPRECATED_OBJC_IMPLEMENTATIONS = YES;
				CLANG_WARN_DIRECT_OBJC_ISA_USAGE = YES_ERROR;
				CLANG_WARN_DOCUMENTATION_COMMENTS = YES;
				CLANG_WARN_EMPTY_BODY = YES;
				CLANG_WARN_ENUM_CONVERSION = YES;
				CLANG_WARN_INFINITE_RECURSION = YES;
				CLANG_WARN_INT_CONVERSION = YES;
				CLANG_WARN_NON_LITERAL_NULL_CONVERSION = YES;
				CLANG_WARN_OBJC_IMPLICIT_RETAIN_SELF = YES;
				CLANG_WARN_OBJC_LITERAL_CONVERSION = YES;
				CLANG_WARN_OBJC_ROOT_CLASS = YES_ERROR;
				CLANG_WARN_RANGE_LOOP_ANALYSIS = YES;
				CLANG_WARN_STRICT_PROTOTYPES = YES;
				CLANG_WARN_SUSPICIOUS_MOVE = YES;
				CLANG_WARN_UNGUARDED_AVAILABILITY = YES_AGGRESSIVE;
				CLANG_WARN_UNREACHABLE_CODE = YES;
				CLANG_WARN__DUPLICATE_METHOD_MATCH = YES;
				CODE_SIGN_IDENTITY = "iPhone Developer";
				COPY_PHASE_STRIP = NO;
				DEBUG_INFORMATION_FORMAT = "dwarf-with-dsym";
				ENABLE_NS_ASSERTIONS = NO;
				ENABLE_STRICT_OBJC_MSGSEND = YES;
				GCC_C_LANGUAGE_STANDARD = gnu11;
				GCC_NO_COMMON_BLOCKS = YES;
				GCC_WARN_64_TO_32_BIT_CONVERSION = YES;
				GCC_WARN_ABOUT_RETURN_TYPE = YES_ERROR;
				GCC_WARN_UNDECLARED_SELECTOR = YES;
				GCC_WARN_UNINITIALIZED_AUTOS = YES_AGGRESSIVE;
				GCC_WARN_UNUSED_FUNCTION = YES;
				GCC_WARN_UNUSED_VARIABLE = YES;
				IPHONEOS_DEPLOYMENT_TARGET = 12.0;
				MTL_ENABLE_DEBUG_INFO = NO;
				MTL_FAST_MATH = YES;
				SDKROOT = iphoneos;
				SWIFT_COMPILATION_MODE = wholemodule;
				SWIFT_OPTIMIZATION_LEVEL = "-O";
				VALIDATE_PRODUCT = YES;
			};
			name = Release;
		};
		DF7ABD3921C58C4500889504 /* Debug */ = {
			isa = XCBuildConfiguration;
			buildSettings = {
				ASSETCATALOG_COMPILER_APPICON_NAME = AppIcon;
				CODE_SIGN_STYLE = Automatic;
				DEVELOPMENT_TEAM = ZKAN55X625;
				INFOPLIST_FILE = FragmenTable/Info.plist;
				LD_RUNPATH_SEARCH_PATHS = (
					"$(inherited)",
					"@executable_path/Frameworks",
				);
				PRODUCT_BUNDLE_IDENTIFIER = com.johnyorke.FragmenTable;
				PRODUCT_NAME = "$(TARGET_NAME)";
				SWIFT_VERSION = 4.2;
				TARGETED_DEVICE_FAMILY = "1,2";
			};
			name = Debug;
		};
		DF7ABD3A21C58C4500889504 /* Release */ = {
			isa = XCBuildConfiguration;
			buildSettings = {
				ASSETCATALOG_COMPILER_APPICON_NAME = AppIcon;
				CODE_SIGN_STYLE = Automatic;
				DEVELOPMENT_TEAM = ZKAN55X625;
				INFOPLIST_FILE = FragmenTable/Info.plist;
				LD_RUNPATH_SEARCH_PATHS = (
					"$(inherited)",
					"@executable_path/Frameworks",
				);
				PRODUCT_BUNDLE_IDENTIFIER = com.johnyorke.FragmenTable;
				PRODUCT_NAME = "$(TARGET_NAME)";
				SWIFT_VERSION = 4.2;
				TARGETED_DEVICE_FAMILY = "1,2";
			};
			name = Release;
		};
/* End XCBuildConfiguration section */

/* Begin XCConfigurationList section */
		DF7ABD2121C58C4300889504 /* Build configuration list for PBXProject "FragmenTable" */ = {
			isa = XCConfigurationList;
			buildConfigurations = (
				DF7ABD3621C58C4500889504 /* Debug */,
				DF7ABD3721C58C4500889504 /* Release */,
			);
			defaultConfigurationIsVisible = 0;
			defaultConfigurationName = Release;
		};
		DF7ABD3821C58C4500889504 /* Build configuration list for PBXNativeTarget "FragmenTable" */ = {
			isa = XCConfigurationList;
			buildConfigurations = (
				DF7ABD3921C58C4500889504 /* Debug */,
				DF7ABD3A21C58C4500889504 /* Release */,
			);
			defaultConfigurationIsVisible = 0;
			defaultConfigurationName = Release;
		};
/* End XCConfigurationList section */
	};
	rootObject = DF7ABD1E21C58C4300889504 /* Project object */;
}
